
Microsoft Visual Studio Solution File, Format Version 12.00
# Visual Studio 15
VisualStudioVersion = 15.0.28307.1705
MinimumVisualStudioVersion = 10.0.40219.1
Project("{FAE04EC0-301F-11D3-BF4B-00C04F79EFBC}") = "CekilisProgrami", "CekilisProgrami\CekilisProgrami.csproj", "{E376A3E2-9A22-4CC4-9E66-922FF76C80BF}"
EndProject
Global
	GlobalSection(SolutionConfigurationPlatforms) = preSolution
		Debug|Any CPU = Debug|Any CPU
		Release|Any CPU = Release|Any CPU
	EndGlobalSection
	GlobalSection(ProjectConfigurationPlatforms) = postSolution
		{E376A3E2-9A22-4CC4-9E66-922FF76C80BF}.Debug|Any CPU.ActiveCfg = Debug|Any CPU
		{E376A3E2-9A22-4CC4-9E66-922FF76C80BF}.Debug|Any CPU.Build.0 = Debug|Any CPU
		{E376A3E2-9A22-4CC4-9E66-922FF76C80BF}.Release|Any CPU.ActiveCfg = Release|Any CPU
		{E376A3E2-9A22-4CC4-9E66-922FF76C80BF}.Release|Any CPU.Build.0 = Release|Any CPU
	EndGlobalSection
	GlobalSection(SolutionProperties) = preSolution
		HideSolutionNode = FALSE
	EndGlobalSection
	GlobalSection(ExtensibilityGlobals) = postSolution
		SolutionGuid = {B804140B-688A-47C0-AE9F-EB1A31A2CE9E}
	EndGlobalSection
EndGlobal
